
Microsoft Visual Studio Solution File, Format Version 12.00
# Visual Studio Version 17
VisualStudioVersion = 17.9.34728.123
MinimumVisualStudioVersion = 10.0.40219.1
Project("{9A19103F-16F7-4668-BE54-9A1E7A4F7556}") = "DanceQualifiers.Api", "DanceQualifiers.Api\DanceQualifiers.Api.csproj", "{9A81001E-DCF6-4C50-8C09-A8DC1174F9C8}"
EndProject
Project("{9A19103F-16F7-4668-BE54-9A1E7A4F7556}") = "DanceQualifiers.Application", "DanceQualifiers.Application\DanceQualifiers.Application.csproj", "{434856AF-9E75-4F32-9AB8-36A4C9E2FD17}"
EndProject
Project("{9A19103F-16F7-4668-BE54-9A1E7A4F7556}") = "DanceQualifiers.Core", "DanceQualifiers.Core\DanceQualifiers.Core.csproj", "{6A1236BD-655B-4F66-BF49-0E4E2D08D790}"
EndProject
Project("{9A19103F-16F7-4668-BE54-9A1E7A4F7556}") = "DanceQualifiers.Infrastructure", "DanceQualifiers.Infrastructure\DanceQualifiers.Infrastructure.csproj", "{0958363A-17C6-4358-AB72-7812406899F9}"
EndProject
Global
	GlobalSection(SolutionConfigurationPlatforms) = preSolution
		Debug|Any CPU = Debug|Any CPU
		Release|Any CPU = Release|Any CPU
	EndGlobalSection
	GlobalSection(ProjectConfigurationPlatforms) = postSolution
		{9A81001E-DCF6-4C50-8C09-A8DC1174F9C8}.Debug|Any CPU.ActiveCfg = Debug|Any CPU
		{9A81001E-DCF6-4C50-8C09-A8DC1174F9C8}.Debug|Any CPU.Build.0 = Debug|Any CPU
		{9A81001E-DCF6-4C50-8C09-A8DC1174F9C8}.Release|Any CPU.ActiveCfg = Release|Any CPU
		{9A81001E-DCF6-4C50-8C09-A8DC1174F9C8}.Release|Any CPU.Build.0 = Release|Any CPU
		{434856AF-9E75-4F32-9AB8-36A4C9E2FD17}.Debug|Any CPU.ActiveCfg = Debug|Any CPU
		{434856AF-9E75-4F32-9AB8-36A4C9E2FD17}.Debug|Any CPU.Build.0 = Debug|Any CPU
		{434856AF-9E75-4F32-9AB8-36A4C9E2FD17}.Release|Any CPU.ActiveCfg = Release|Any CPU
		{434856AF-9E75-4F32-9AB8-36A4C9E2FD17}.Release|Any CPU.Build.0 = Release|Any CPU
		{6A1236BD-655B-4F66-BF49-0E4E2D08D790}.Debug|Any CPU.ActiveCfg = Debug|Any CPU
		{6A1236BD-655B-4F66-BF49-0E4E2D08D790}.Debug|Any CPU.Build.0 = Debug|Any CPU
		{6A1236BD-655B-4F66-BF49-0E4E2D08D790}.Release|Any CPU.ActiveCfg = Release|Any CPU
		{6A1236BD-655B-4F66-BF49-0E4E2D08D790}.Release|Any CPU.Build.0 = Release|Any CPU
		{0958363A-17C6-4358-AB72-7812406899F9}.Debug|Any CPU.ActiveCfg = Debug|Any CPU
		{0958363A-17C6-4358-AB72-7812406899F9}.Debug|Any CPU.Build.0 = Debug|Any CPU
		{0958363A-17C6-4358-AB72-7812406899F9}.Release|Any CPU.ActiveCfg = Release|Any CPU
		{0958363A-17C6-4358-AB72-7812406899F9}.Release|Any CPU.Build.0 = Release|Any CPU
	EndGlobalSection
	GlobalSection(SolutionProperties) = preSolution
		HideSolutionNode = FALSE
	EndGlobalSection
	GlobalSection(ExtensibilityGlobals) = postSolution
		SolutionGuid = {C9F897C0-FEB0-4ADA-B0E5-8901933F9E51}
	EndGlobalSection
EndGlobal
